
Microsoft Visual Studio Solution File, Format Version 12.00
# Visual Studio Version 17
VisualStudioVersion = 17.4.33205.214
MinimumVisualStudioVersion = 10.0.40219.1
Project("{FAE04EC0-301F-11D3-BF4B-00C04F79EFBC}") = "L6270_take-k-of-each-character-from-left-and-rightCS", "L6270_take-k-of-each-character-from-left-and-rightCS\L6270_take-k-of-each-character-from-left-and-rightCS.csproj", "{9E45E610-5EA0-4A18-A22C-C1229E895F9F}"
EndProject
Global
	GlobalSection(SolutionConfigurationPlatforms) = preSolution
		Debug|Any CPU = Debug|Any CPU
		Release|Any CPU = Release|Any CPU
	EndGlobalSection
	GlobalSection(ProjectConfigurationPlatforms) = postSolution
		{9E45E610-5EA0-4A18-A22C-C1229E895F9F}.Debug|Any CPU.ActiveCfg = Debug|Any CPU
		{9E45E610-5EA0-4A18-A22C-C1229E895F9F}.Debug|Any CPU.Build.0 = Debug|Any CPU
		{9E45E610-5EA0-4A18-A22C-C1229E895F9F}.Release|Any CPU.ActiveCfg = Release|Any CPU
		{9E45E610-5EA0-4A18-A22C-C1229E895F9F}.Release|Any CPU.Build.0 = Release|Any CPU
	EndGlobalSection
	GlobalSection(SolutionProperties) = preSolution
		HideSolutionNode = FALSE
	EndGlobalSection
	GlobalSection(ExtensibilityGlobals) = postSolution
		SolutionGuid = {B16DACC3-B01A-45C4-9FF9-CA9F620CBD81}
	EndGlobalSection
EndGlobal
