
Microsoft Visual Studio Solution File, Format Version 12.00
# Visual Studio Version 16
VisualStudioVersion = 16.0.32510.428
MinimumVisualStudioVersion = 10.0.40219.1
Project("{FAE04EC0-301F-11D3-BF4B-00C04F79EFBC}") = "L1048_longest-string-chainCS", "L1048_longest-string-chainCS\L1048_longest-string-chainCS.csproj", "{42D79845-6067-42A0-8234-A9A21ADBD2AA}"
EndProject
Global
	GlobalSection(SolutionConfigurationPlatforms) = preSolution
		Debug|Any CPU = Debug|Any CPU
		Release|Any CPU = Release|Any CPU
	EndGlobalSection
	GlobalSection(ProjectConfigurationPlatforms) = postSolution
		{42D79845-6067-42A0-8234-A9A21ADBD2AA}.Debug|Any CPU.ActiveCfg = Debug|Any CPU
		{42D79845-6067-42A0-8234-A9A21ADBD2AA}.Debug|Any CPU.Build.0 = Debug|Any CPU
		{42D79845-6067-42A0-8234-A9A21ADBD2AA}.Release|Any CPU.ActiveCfg = Release|Any CPU
		{42D79845-6067-42A0-8234-A9A21ADBD2AA}.Release|Any CPU.Build.0 = Release|Any CPU
	EndGlobalSection
	GlobalSection(SolutionProperties) = preSolution
		HideSolutionNode = FALSE
	EndGlobalSection
	GlobalSection(ExtensibilityGlobals) = postSolution
		SolutionGuid = {3279136C-D3F8-47E7-9CDC-AAEF8B1E9A9A}
	EndGlobalSection
EndGlobal
