
Microsoft Visual Studio Solution File, Format Version 12.00
# Visual Studio Version 16
VisualStudioVersion = 16.0.31424.327
MinimumVisualStudioVersion = 10.0.40219.1
Project("{FAE04EC0-301F-11D3-BF4B-00C04F79EFBC}") = "L1044_Longest_Duplicate_SubstringCS", "L1044_Longest_Duplicate_SubstringCS\L1044_Longest_Duplicate_SubstringCS.csproj", "{3D54358F-0E74-4D05-AD3D-2EBF61B064DE}"
EndProject
Global
	GlobalSection(SolutionConfigurationPlatforms) = preSolution
		Debug|Any CPU = Debug|Any CPU
		Release|Any CPU = Release|Any CPU
	EndGlobalSection
	GlobalSection(ProjectConfigurationPlatforms) = postSolution
		{3D54358F-0E74-4D05-AD3D-2EBF61B064DE}.Debug|Any CPU.ActiveCfg = Debug|Any CPU
		{3D54358F-0E74-4D05-AD3D-2EBF61B064DE}.Debug|Any CPU.Build.0 = Debug|Any CPU
		{3D54358F-0E74-4D05-AD3D-2EBF61B064DE}.Release|Any CPU.ActiveCfg = Release|Any CPU
		{3D54358F-0E74-4D05-AD3D-2EBF61B064DE}.Release|Any CPU.Build.0 = Release|Any CPU
	EndGlobalSection
	GlobalSection(SolutionProperties) = preSolution
		HideSolutionNode = FALSE
	EndGlobalSection
	GlobalSection(ExtensibilityGlobals) = postSolution
		SolutionGuid = {9F6A7271-272C-4ADB-BCBD-D027318C0185}
	EndGlobalSection
EndGlobal
