
Microsoft Visual Studio Solution File, Format Version 12.00
# Visual Studio Version 16
VisualStudioVersion = 16.0.31911.196
MinimumVisualStudioVersion = 10.0.40219.1
Project("{FAE04EC0-301F-11D3-BF4B-00C04F79EFBC}") = "L1202_smallest-string-with-swapsCS", "L1202_smallest-string-with-swapsCS\L1202_smallest-string-with-swapsCS.csproj", "{A94B67B8-0148-477A-B9F7-B2232F601578}"
EndProject
Global
	GlobalSection(SolutionConfigurationPlatforms) = preSolution
		Debug|Any CPU = Debug|Any CPU
		Release|Any CPU = Release|Any CPU
	EndGlobalSection
	GlobalSection(ProjectConfigurationPlatforms) = postSolution
		{A94B67B8-0148-477A-B9F7-B2232F601578}.Debug|Any CPU.ActiveCfg = Debug|Any CPU
		{A94B67B8-0148-477A-B9F7-B2232F601578}.Debug|Any CPU.Build.0 = Debug|Any CPU
		{A94B67B8-0148-477A-B9F7-B2232F601578}.Release|Any CPU.ActiveCfg = Release|Any CPU
		{A94B67B8-0148-477A-B9F7-B2232F601578}.Release|Any CPU.Build.0 = Release|Any CPU
	EndGlobalSection
	GlobalSection(SolutionProperties) = preSolution
		HideSolutionNode = FALSE
	EndGlobalSection
	GlobalSection(ExtensibilityGlobals) = postSolution
		SolutionGuid = {447F0D30-37B5-41E3-A5FC-02BB77C00A85}
	EndGlobalSection
EndGlobal
