
Microsoft Visual Studio Solution File, Format Version 12.00
# Visual Studio Version 16
VisualStudioVersion = 16.0.31911.196
MinimumVisualStudioVersion = 10.0.40219.1
Project("{FAE04EC0-301F-11D3-BF4B-00C04F79EFBC}") = "L0211_design-add-and-search-words-data-structureCS", "L0211_design-add-and-search-words-data-structureCS\L0211_design-add-and-search-words-data-structureCS.csproj", "{0383FFD8-9A71-4085-83E5-2587F26C6758}"
EndProject
Global
	GlobalSection(SolutionConfigurationPlatforms) = preSolution
		Debug|Any CPU = Debug|Any CPU
		Release|Any CPU = Release|Any CPU
	EndGlobalSection
	GlobalSection(ProjectConfigurationPlatforms) = postSolution
		{0383FFD8-9A71-4085-83E5-2587F26C6758}.Debug|Any CPU.ActiveCfg = Debug|Any CPU
		{0383FFD8-9A71-4085-83E5-2587F26C6758}.Debug|Any CPU.Build.0 = Debug|Any CPU
		{0383FFD8-9A71-4085-83E5-2587F26C6758}.Release|Any CPU.ActiveCfg = Release|Any CPU
		{0383FFD8-9A71-4085-83E5-2587F26C6758}.Release|Any CPU.Build.0 = Release|Any CPU
	EndGlobalSection
	GlobalSection(SolutionProperties) = preSolution
		HideSolutionNode = FALSE
	EndGlobalSection
	GlobalSection(ExtensibilityGlobals) = postSolution
		SolutionGuid = {2531A53E-D345-404A-BB31-2FA80E5FECFB}
	EndGlobalSection
EndGlobal
