
Microsoft Visual Studio Solution File, Format Version 12.00
# Visual Studio Version 16
VisualStudioVersion = 16.0.31911.196
MinimumVisualStudioVersion = 10.0.40219.1
Project("{FAE04EC0-301F-11D3-BF4B-00C04F79EFBC}") = "L1584_min-cost-to-connect-all-pointsCS", "L1584_min-cost-to-connect-all-pointsCS\L1584_min-cost-to-connect-all-pointsCS.csproj", "{96BADF7F-C14E-442B-A321-28E8D5AB610F}"
EndProject
Global
	GlobalSection(SolutionConfigurationPlatforms) = preSolution
		Debug|Any CPU = Debug|Any CPU
		Release|Any CPU = Release|Any CPU
	EndGlobalSection
	GlobalSection(ProjectConfigurationPlatforms) = postSolution
		{96BADF7F-C14E-442B-A321-28E8D5AB610F}.Debug|Any CPU.ActiveCfg = Debug|Any CPU
		{96BADF7F-C14E-442B-A321-28E8D5AB610F}.Debug|Any CPU.Build.0 = Debug|Any CPU
		{96BADF7F-C14E-442B-A321-28E8D5AB610F}.Release|Any CPU.ActiveCfg = Release|Any CPU
		{96BADF7F-C14E-442B-A321-28E8D5AB610F}.Release|Any CPU.Build.0 = Release|Any CPU
	EndGlobalSection
	GlobalSection(SolutionProperties) = preSolution
		HideSolutionNode = FALSE
	EndGlobalSection
	GlobalSection(ExtensibilityGlobals) = postSolution
		SolutionGuid = {8F3C9C3F-F7C1-408C-887B-633B3BE42CE0}
	EndGlobalSection
EndGlobal
