
Microsoft Visual Studio Solution File, Format Version 12.00
# Visual Studio Version 16
VisualStudioVersion = 16.0.31911.196
MinimumVisualStudioVersion = 10.0.40219.1
Project("{FAE04EC0-301F-11D3-BF4B-00C04F79EFBC}") = "L0208_implement-trie-prefix-treeCS", "L0208_implement-trie-prefix-treeCS\L0208_implement-trie-prefix-treeCS.csproj", "{FFDA26C5-96E1-42A5-B92F-7B6A9D4AFD36}"
EndProject
Global
	GlobalSection(SolutionConfigurationPlatforms) = preSolution
		Debug|Any CPU = Debug|Any CPU
		Release|Any CPU = Release|Any CPU
	EndGlobalSection
	GlobalSection(ProjectConfigurationPlatforms) = postSolution
		{FFDA26C5-96E1-42A5-B92F-7B6A9D4AFD36}.Debug|Any CPU.ActiveCfg = Debug|Any CPU
		{FFDA26C5-96E1-42A5-B92F-7B6A9D4AFD36}.Debug|Any CPU.Build.0 = Debug|Any CPU
		{FFDA26C5-96E1-42A5-B92F-7B6A9D4AFD36}.Release|Any CPU.ActiveCfg = Release|Any CPU
		{FFDA26C5-96E1-42A5-B92F-7B6A9D4AFD36}.Release|Any CPU.Build.0 = Release|Any CPU
	EndGlobalSection
	GlobalSection(SolutionProperties) = preSolution
		HideSolutionNode = FALSE
	EndGlobalSection
	GlobalSection(ExtensibilityGlobals) = postSolution
		SolutionGuid = {28EDC960-8764-4D3F-93F2-A03E69643683}
	EndGlobalSection
EndGlobal
