
Microsoft Visual Studio Solution File, Format Version 12.00
# Visual Studio Version 16
VisualStudioVersion = 16.0.31911.196
MinimumVisualStudioVersion = 10.0.40219.1
Project("{FAE04EC0-301F-11D3-BF4B-00C04F79EFBC}") = "L0057_insert-intervalCS", "L0057_insert-intervalCS\L0057_insert-intervalCS.csproj", "{B8FFC6F2-64E7-4F09-A19D-D8A6E8DD00FC}"
EndProject
Global
	GlobalSection(SolutionConfigurationPlatforms) = preSolution
		Debug|Any CPU = Debug|Any CPU
		Release|Any CPU = Release|Any CPU
	EndGlobalSection
	GlobalSection(ProjectConfigurationPlatforms) = postSolution
		{B8FFC6F2-64E7-4F09-A19D-D8A6E8DD00FC}.Debug|Any CPU.ActiveCfg = Debug|Any CPU
		{B8FFC6F2-64E7-4F09-A19D-D8A6E8DD00FC}.Debug|Any CPU.Build.0 = Debug|Any CPU
		{B8FFC6F2-64E7-4F09-A19D-D8A6E8DD00FC}.Release|Any CPU.ActiveCfg = Release|Any CPU
		{B8FFC6F2-64E7-4F09-A19D-D8A6E8DD00FC}.Release|Any CPU.Build.0 = Release|Any CPU
	EndGlobalSection
	GlobalSection(SolutionProperties) = preSolution
		HideSolutionNode = FALSE
	EndGlobalSection
	GlobalSection(ExtensibilityGlobals) = postSolution
		SolutionGuid = {5E84CAD0-7988-44AF-BA06-FE99C0DB5884}
	EndGlobalSection
EndGlobal
