
Microsoft Visual Studio Solution File, Format Version 12.00
# Visual Studio Version 16
VisualStudioVersion = 16.0.31911.196
MinimumVisualStudioVersion = 10.0.40219.1
Project("{FAE04EC0-301F-11D3-BF4B-00C04F79EFBC}") = "L0410_split-array-largest-sum", "L0410_split-array-largest-sum\L0410_split-array-largest-sum.csproj", "{5974ADB0-6F30-46F9-8803-AEA62E92AFDD}"
EndProject
Global
	GlobalSection(SolutionConfigurationPlatforms) = preSolution
		Debug|Any CPU = Debug|Any CPU
		Release|Any CPU = Release|Any CPU
	EndGlobalSection
	GlobalSection(ProjectConfigurationPlatforms) = postSolution
		{5974ADB0-6F30-46F9-8803-AEA62E92AFDD}.Debug|Any CPU.ActiveCfg = Debug|Any CPU
		{5974ADB0-6F30-46F9-8803-AEA62E92AFDD}.Debug|Any CPU.Build.0 = Debug|Any CPU
		{5974ADB0-6F30-46F9-8803-AEA62E92AFDD}.Release|Any CPU.ActiveCfg = Release|Any CPU
		{5974ADB0-6F30-46F9-8803-AEA62E92AFDD}.Release|Any CPU.Build.0 = Release|Any CPU
	EndGlobalSection
	GlobalSection(SolutionProperties) = preSolution
		HideSolutionNode = FALSE
	EndGlobalSection
	GlobalSection(ExtensibilityGlobals) = postSolution
		SolutionGuid = {5D115536-18DF-4F03-BA18-3BA684218F08}
	EndGlobalSection
EndGlobal
