
Microsoft Visual Studio Solution File, Format Version 12.00
# Visual Studio Version 16
VisualStudioVersion = 16.0.31702.278
MinimumVisualStudioVersion = 10.0.40219.1
Project("{FAE04EC0-301F-11D3-BF4B-00C04F79EFBC}") = "lonelyinteger", "lonelyinteger\lonelyinteger.csproj", "{3004FA3E-F3D2-4040-B1FD-76CB7680A155}"
EndProject
Global
	GlobalSection(SolutionConfigurationPlatforms) = preSolution
		Debug|Any CPU = Debug|Any CPU
		Release|Any CPU = Release|Any CPU
	EndGlobalSection
	GlobalSection(ProjectConfigurationPlatforms) = postSolution
		{3004FA3E-F3D2-4040-B1FD-76CB7680A155}.Debug|Any CPU.ActiveCfg = Debug|Any CPU
		{3004FA3E-F3D2-4040-B1FD-76CB7680A155}.Debug|Any CPU.Build.0 = Debug|Any CPU
		{3004FA3E-F3D2-4040-B1FD-76CB7680A155}.Release|Any CPU.ActiveCfg = Release|Any CPU
		{3004FA3E-F3D2-4040-B1FD-76CB7680A155}.Release|Any CPU.Build.0 = Release|Any CPU
	EndGlobalSection
	GlobalSection(SolutionProperties) = preSolution
		HideSolutionNode = FALSE
	EndGlobalSection
	GlobalSection(ExtensibilityGlobals) = postSolution
		SolutionGuid = {B32CEA7A-531E-47F5-B573-E7671D28284D}
	EndGlobalSection
EndGlobal
