
Microsoft Visual Studio Solution File, Format Version 12.00
# Visual Studio Version 16
VisualStudioVersion = 16.0.31702.278
MinimumVisualStudioVersion = 10.0.40219.1
Project("{FAE04EC0-301F-11D3-BF4B-00C04F79EFBC}") = "L0201_Bitwise_And_Of_Numbers_RangeCS", "L0201_Bitwise_And_Of_Numbers_RangeCS\L0201_Bitwise_And_Of_Numbers_RangeCS.csproj", "{064AC387-CD26-4E87-BDEA-EB061FC91FE7}"
EndProject
Global
	GlobalSection(SolutionConfigurationPlatforms) = preSolution
		Debug|Any CPU = Debug|Any CPU
		Release|Any CPU = Release|Any CPU
	EndGlobalSection
	GlobalSection(ProjectConfigurationPlatforms) = postSolution
		{064AC387-CD26-4E87-BDEA-EB061FC91FE7}.Debug|Any CPU.ActiveCfg = Debug|Any CPU
		{064AC387-CD26-4E87-BDEA-EB061FC91FE7}.Debug|Any CPU.Build.0 = Debug|Any CPU
		{064AC387-CD26-4E87-BDEA-EB061FC91FE7}.Release|Any CPU.ActiveCfg = Release|Any CPU
		{064AC387-CD26-4E87-BDEA-EB061FC91FE7}.Release|Any CPU.Build.0 = Release|Any CPU
	EndGlobalSection
	GlobalSection(SolutionProperties) = preSolution
		HideSolutionNode = FALSE
	EndGlobalSection
	GlobalSection(ExtensibilityGlobals) = postSolution
		SolutionGuid = {4D8495BD-DF40-4CBE-94FB-AAB5F24F9A9D}
	EndGlobalSection
EndGlobal
