
Microsoft Visual Studio Solution File, Format Version 12.00
# Visual Studio Version 16
VisualStudioVersion = 16.0.31702.278
MinimumVisualStudioVersion = 10.0.40219.1
Project("{FAE04EC0-301F-11D3-BF4B-00C04F79EFBC}") = "L0540_SingleElement_in_a_SortedArrayCS", "L0540_SingleElement_in_a_SortedArrayCS\L0540_SingleElement_in_a_SortedArrayCS.csproj", "{FBA9414C-561B-4734-90A4-9D10060730C2}"
EndProject
Global
	GlobalSection(SolutionConfigurationPlatforms) = preSolution
		Debug|Any CPU = Debug|Any CPU
		Release|Any CPU = Release|Any CPU
	EndGlobalSection
	GlobalSection(ProjectConfigurationPlatforms) = postSolution
		{FBA9414C-561B-4734-90A4-9D10060730C2}.Debug|Any CPU.ActiveCfg = Debug|Any CPU
		{FBA9414C-561B-4734-90A4-9D10060730C2}.Debug|Any CPU.Build.0 = Debug|Any CPU
		{FBA9414C-561B-4734-90A4-9D10060730C2}.Release|Any CPU.ActiveCfg = Release|Any CPU
		{FBA9414C-561B-4734-90A4-9D10060730C2}.Release|Any CPU.Build.0 = Release|Any CPU
	EndGlobalSection
	GlobalSection(SolutionProperties) = preSolution
		HideSolutionNode = FALSE
	EndGlobalSection
	GlobalSection(ExtensibilityGlobals) = postSolution
		SolutionGuid = {9ABECDF0-12E7-487C-827F-E4B81265342C}
	EndGlobalSection
EndGlobal
