
Microsoft Visual Studio Solution File, Format Version 12.00
# Visual Studio Version 16
VisualStudioVersion = 16.0.31911.196
MinimumVisualStudioVersion = 10.0.40219.1
Project("{FAE04EC0-301F-11D3-BF4B-00C04F79EFBC}") = "L1209_remove-all-adjacent-duplicates-in-string-iiCS", "L1209_remove-all-adjacent-duplicates-in-string-iiCS\L1209_remove-all-adjacent-duplicates-in-string-iiCS.csproj", "{B40FEB6E-886A-46B5-AAA2-D7B1D0093726}"
EndProject
Global
	GlobalSection(SolutionConfigurationPlatforms) = preSolution
		Debug|Any CPU = Debug|Any CPU
		Release|Any CPU = Release|Any CPU
	EndGlobalSection
	GlobalSection(ProjectConfigurationPlatforms) = postSolution
		{B40FEB6E-886A-46B5-AAA2-D7B1D0093726}.Debug|Any CPU.ActiveCfg = Debug|Any CPU
		{B40FEB6E-886A-46B5-AAA2-D7B1D0093726}.Debug|Any CPU.Build.0 = Debug|Any CPU
		{B40FEB6E-886A-46B5-AAA2-D7B1D0093726}.Release|Any CPU.ActiveCfg = Release|Any CPU
		{B40FEB6E-886A-46B5-AAA2-D7B1D0093726}.Release|Any CPU.Build.0 = Release|Any CPU
	EndGlobalSection
	GlobalSection(SolutionProperties) = preSolution
		HideSolutionNode = FALSE
	EndGlobalSection
	GlobalSection(ExtensibilityGlobals) = postSolution
		SolutionGuid = {13C453D6-B471-4436-B2E8-4E4F1BEC4D1F}
	EndGlobalSection
EndGlobal
