
Microsoft Visual Studio Solution File, Format Version 12.00
# Visual Studio Version 16
VisualStudioVersion = 16.0.32510.428
MinimumVisualStudioVersion = 10.0.40219.1
Project("{FAE04EC0-301F-11D3-BF4B-00C04F79EFBC}") = "L0792_number-of-matching-subsequencesCS", "L0792_number-of-matching-subsequencesCS\L0792_number-of-matching-subsequencesCS.csproj", "{E52DCAF2-2539-40BC-93FD-958750059866}"
EndProject
Global
	GlobalSection(SolutionConfigurationPlatforms) = preSolution
		Debug|Any CPU = Debug|Any CPU
		Release|Any CPU = Release|Any CPU
	EndGlobalSection
	GlobalSection(ProjectConfigurationPlatforms) = postSolution
		{E52DCAF2-2539-40BC-93FD-958750059866}.Debug|Any CPU.ActiveCfg = Debug|Any CPU
		{E52DCAF2-2539-40BC-93FD-958750059866}.Debug|Any CPU.Build.0 = Debug|Any CPU
		{E52DCAF2-2539-40BC-93FD-958750059866}.Release|Any CPU.ActiveCfg = Release|Any CPU
		{E52DCAF2-2539-40BC-93FD-958750059866}.Release|Any CPU.Build.0 = Release|Any CPU
	EndGlobalSection
	GlobalSection(SolutionProperties) = preSolution
		HideSolutionNode = FALSE
	EndGlobalSection
	GlobalSection(ExtensibilityGlobals) = postSolution
		SolutionGuid = {3FFC7B65-DC3D-43B0-B91E-603469644F19}
	EndGlobalSection
EndGlobal
