
Microsoft Visual Studio Solution File, Format Version 12.00
# Visual Studio Version 16
VisualStudioVersion = 16.0.31911.196
MinimumVisualStudioVersion = 10.0.40219.1
Project("{FAE04EC0-301F-11D3-BF4B-00C04F79EFBC}") = "L0210_course-schedule-ii", "L0210_course-schedule-ii\L0210_course-schedule-ii.csproj", "{769166B4-B33B-478E-955C-A7C0F39751BE}"
EndProject
Global
	GlobalSection(SolutionConfigurationPlatforms) = preSolution
		Debug|Any CPU = Debug|Any CPU
		Release|Any CPU = Release|Any CPU
	EndGlobalSection
	GlobalSection(ProjectConfigurationPlatforms) = postSolution
		{769166B4-B33B-478E-955C-A7C0F39751BE}.Debug|Any CPU.ActiveCfg = Debug|Any CPU
		{769166B4-B33B-478E-955C-A7C0F39751BE}.Debug|Any CPU.Build.0 = Debug|Any CPU
		{769166B4-B33B-478E-955C-A7C0F39751BE}.Release|Any CPU.ActiveCfg = Release|Any CPU
		{769166B4-B33B-478E-955C-A7C0F39751BE}.Release|Any CPU.Build.0 = Release|Any CPU
	EndGlobalSection
	GlobalSection(SolutionProperties) = preSolution
		HideSolutionNode = FALSE
	EndGlobalSection
	GlobalSection(ExtensibilityGlobals) = postSolution
		SolutionGuid = {4D740FB5-A8B4-4A03-A495-548D763D697E}
	EndGlobalSection
EndGlobal
