
Microsoft Visual Studio Solution File, Format Version 12.00
# Visual Studio Version 16
VisualStudioVersion = 16.0.31424.327
MinimumVisualStudioVersion = 10.0.40219.1
Project("{FAE04EC0-301F-11D3-BF4B-00C04F79EFBC}") = "L0733_Flood_FillCS", "L0733_Flood_FillCS\L0733_Flood_FillCS.csproj", "{12336C13-7E5D-464F-92CA-499E953F6869}"
EndProject
Global
	GlobalSection(SolutionConfigurationPlatforms) = preSolution
		Debug|Any CPU = Debug|Any CPU
		Release|Any CPU = Release|Any CPU
	EndGlobalSection
	GlobalSection(ProjectConfigurationPlatforms) = postSolution
		{12336C13-7E5D-464F-92CA-499E953F6869}.Debug|Any CPU.ActiveCfg = Debug|Any CPU
		{12336C13-7E5D-464F-92CA-499E953F6869}.Debug|Any CPU.Build.0 = Debug|Any CPU
		{12336C13-7E5D-464F-92CA-499E953F6869}.Release|Any CPU.ActiveCfg = Release|Any CPU
		{12336C13-7E5D-464F-92CA-499E953F6869}.Release|Any CPU.Build.0 = Release|Any CPU
	EndGlobalSection
	GlobalSection(SolutionProperties) = preSolution
		HideSolutionNode = FALSE
	EndGlobalSection
	GlobalSection(ExtensibilityGlobals) = postSolution
		SolutionGuid = {CC8B6C23-3B20-4F68-8A54-05F602E61073}
	EndGlobalSection
EndGlobal
