
Microsoft Visual Studio Solution File, Format Version 12.00
# Visual Studio Version 16
VisualStudioVersion = 16.0.31702.278
MinimumVisualStudioVersion = 10.0.40219.1
Project("{FAE04EC0-301F-11D3-BF4B-00C04F79EFBC}") = "L0169_Majority_ElementCS", "L0169_Majority_ElementCS\L0169_Majority_ElementCS.csproj", "{387854E5-1B05-4E67-B95F-9684D3A6AD71}"
EndProject
Global
	GlobalSection(SolutionConfigurationPlatforms) = preSolution
		Debug|Any CPU = Debug|Any CPU
		Release|Any CPU = Release|Any CPU
	EndGlobalSection
	GlobalSection(ProjectConfigurationPlatforms) = postSolution
		{387854E5-1B05-4E67-B95F-9684D3A6AD71}.Debug|Any CPU.ActiveCfg = Debug|Any CPU
		{387854E5-1B05-4E67-B95F-9684D3A6AD71}.Debug|Any CPU.Build.0 = Debug|Any CPU
		{387854E5-1B05-4E67-B95F-9684D3A6AD71}.Release|Any CPU.ActiveCfg = Release|Any CPU
		{387854E5-1B05-4E67-B95F-9684D3A6AD71}.Release|Any CPU.Build.0 = Release|Any CPU
	EndGlobalSection
	GlobalSection(SolutionProperties) = preSolution
		HideSolutionNode = FALSE
	EndGlobalSection
	GlobalSection(ExtensibilityGlobals) = postSolution
		SolutionGuid = {6E689E8E-8F2B-4BD6-90B5-5D13032F32FB}
	EndGlobalSection
EndGlobal
