
Microsoft Visual Studio Solution File, Format Version 12.00
# Visual Studio Version 16
VisualStudioVersion = 16.0.31911.196
MinimumVisualStudioVersion = 10.0.40219.1
Project("{FAE04EC0-301F-11D3-BF4B-00C04F79EFBC}") = "L1046_last-stone-weightCS", "L1046_last-stone-weightCS\L1046_last-stone-weightCS.csproj", "{921E69E2-AFCD-489B-8D2F-108D6AAF70C2}"
EndProject
Global
	GlobalSection(SolutionConfigurationPlatforms) = preSolution
		Debug|Any CPU = Debug|Any CPU
		Release|Any CPU = Release|Any CPU
	EndGlobalSection
	GlobalSection(ProjectConfigurationPlatforms) = postSolution
		{921E69E2-AFCD-489B-8D2F-108D6AAF70C2}.Debug|Any CPU.ActiveCfg = Debug|Any CPU
		{921E69E2-AFCD-489B-8D2F-108D6AAF70C2}.Debug|Any CPU.Build.0 = Debug|Any CPU
		{921E69E2-AFCD-489B-8D2F-108D6AAF70C2}.Release|Any CPU.ActiveCfg = Release|Any CPU
		{921E69E2-AFCD-489B-8D2F-108D6AAF70C2}.Release|Any CPU.Build.0 = Release|Any CPU
	EndGlobalSection
	GlobalSection(SolutionProperties) = preSolution
		HideSolutionNode = FALSE
	EndGlobalSection
	GlobalSection(ExtensibilityGlobals) = postSolution
		SolutionGuid = {246EEE79-77F7-4A1B-8A0D-8D0F81A67A2B}
	EndGlobalSection
EndGlobal
